Microsoft Visual Studio Solution File, Format Version 11.00
# Visual Studio 2019

Project("{8BC9CEB8-8B4A-11D0-8D11-00A0C91BC942}") = "Palette - Standalone Plugin", "Palette_StandalonePlugin.vcxproj", "{4809EDE2-7958-9114-ABEC-CE7422C57333}"
	ProjectSection(ProjectDependencies) = postProject
		{6FD9375C-53A1-51F3-A39B-6A3282318A9F} = {6FD9375C-53A1-51F3-A39B-6A3282318A9F}
	EndProjectSection
EndProject
Project("{8BC9CEB8-8B4A-11D0-8D11-00A0C91BC942}") = "Palette - VST3", "Palette_VST3.vcxproj", "{B355D30F-1D54-F0A5-D44A-92E6362A7E9B}"
	ProjectSection(ProjectDependencies) = postProject
		{6FD9375C-53A1-51F3-A39B-6A3282318A9F} = {6FD9375C-53A1-51F3-A39B-6A3282318A9F}
	EndProjectSection
EndProject
Project("{8BC9CEB8-8B4A-11D0-8D11-00A0C91BC942}") = "Palette - Shared Code", "Palette_SharedCode.vcxproj", "{6FD9375C-53A1-51F3-A39B-6A3282318A9F}"
EndProject
Global
	GlobalSection(SolutionConfigurationPlatforms) = preSolution
		Debug|x64 = Debug|x64
		Release|x64 = Release|x64
	EndGlobalSection
	GlobalSection(ProjectConfigurationPlatforms) = postSolution
		{B355D30F-1D54-F0A5-D44A-92E6362A7E9B}.Debug|x64.ActiveCfg = Debug|x64
		{B355D30F-1D54-F0A5-D44A-92E6362A7E9B}.Debug|x64.Build.0 = Debug|x64
		{B355D30F-1D54-F0A5-D44A-92E6362A7E9B}.Release|x64.ActiveCfg = Release|x64
		{B355D30F-1D54-F0A5-D44A-92E6362A7E9B}.Release|x64.Build.0 = Release|x64
		{4809EDE2-7958-9114-ABEC-CE7422C57333}.Debug|x64.ActiveCfg = Debug|x64
		{4809EDE2-7958-9114-ABEC-CE7422C57333}.Debug|x64.Build.0 = Debug|x64
		{4809EDE2-7958-9114-ABEC-CE7422C57333}.Release|x64.ActiveCfg = Release|x64
		{4809EDE2-7958-9114-ABEC-CE7422C57333}.Release|x64.Build.0 = Release|x64
		{6FD9375C-53A1-51F3-A39B-6A3282318A9F}.Debug|x64.ActiveCfg = Debug|x64
		{6FD9375C-53A1-51F3-A39B-6A3282318A9F}.Debug|x64.Build.0 = Debug|x64
		{6FD9375C-53A1-51F3-A39B-6A3282318A9F}.Release|x64.ActiveCfg = Release|x64
		{6FD9375C-53A1-51F3-A39B-6A3282318A9F}.Release|x64.Build.0 = Release|x64
	EndGlobalSection
	GlobalSection(SolutionProperties) = preSolution
		HideSolutionNode = FALSE
	EndGlobalSection
EndGlobal
